// !$*UTF8*$!
{
	archiveVersion = 1;
	classes = {
	};
	objectVersion = 50;
	objects = {

/* Begin PBXBuildFile section */
		E47A3029269EAA18003C7800 /* logOrientation.swift in Sources */ = {isa = PBXBuildFile; fileRef = E47A3028269EAA18003C7800 /* logOrientation.swift */; };
		E47B54072766DA2B002E31B8 /* TestCircle.swift in Sources */ = {isa = PBXBuildFile; fileRef = E47B54062766DA2B002E31B8 /* TestCircle.swift */; };
		E48C26302763CDB20019ECE2 /* Helper.swift in Sources */ = {isa = PBXBuildFile; fileRef = E48C262F2763CDB20019ECE2 /* Helper.swift */; };
		E48C26322763CDD30019ECE2 /* MotherView.swift in Sources */ = {isa = PBXBuildFile; fileRef = E48C26312763CDD30019ECE2 /* MotherView.swift */; };
		E48C26342763CDFF0019ECE2 /* ViewRouter.swift in Sources */ = {isa = PBXBuildFile; fileRef = E48C26332763CDFF0019ECE2 /* ViewRouter.swift */; };
		E48C26362763D1E60019ECE2 /* OrientationAppSwiftUI.swift in Sources */ = {isa = PBXBuildFile; fileRef = E48C26352763D1E60019ECE2 /* OrientationAppSwiftUI.swift */; };
		E48C26382763F69A0019ECE2 /* StopWatchManager.swift in Sources */ = {isa = PBXBuildFile; fileRef = E48C26372763F69A0019ECE2 /* StopWatchManager.swift */; };
		E4BA4A1A26E10E3700FE0F70 /* CloudKit.framework in Frameworks */ = {isa = PBXBuildFile; fileRef = E4BA4A1926E10E3700FE0F70 /* CloudKit.framework */; };
		E4F25B2A269E3A9800A3A58D /* AppDelegate.swift in Sources */ = {isa = PBXBuildFile; fileRef = E4F25B29269E3A9800A3A58D /* AppDelegate.swift */; };
		E4F25B2C269E3A9800A3A58D /* SceneDelegate.swift in Sources */ = {isa = PBXBuildFile; fileRef = E4F25B2B269E3A9800A3A58D /* SceneDelegate.swift */; };
		E4F25B2E269E3A9800A3A58D /* ContentView.swift in Sources */ = {isa = PBXBuildFile; fileRef = E4F25B2D269E3A9800A3A58D /* ContentView.swift */; };
		E4F25B30269E3A9900A3A58D /* Assets.xcassets in Resources */ = {isa = PBXBuildFile; fileRef = E4F25B2F269E3A9900A3A58D /* Assets.xcassets */; };
		E4F25B33269E3A9900A3A58D /* Preview Assets.xcassets in Resources */ = {isa = PBXBuildFile; fileRef = E4F25B32269E3A9900A3A58D /* Preview Assets.xcassets */; };
		E4F25B36269E3A9900A3A58D /* LaunchScreen.storyboard in Resources */ = {isa = PBXBuildFile; fileRef = E4F25B34269E3A9900A3A58D /* LaunchScreen.storyboard */; };
		E4F25B41269E3A9900A3A58D /* OrientationTrackerPhoneTests.swift in Sources */ = {isa = PBXBuildFile; fileRef = E4F25B40269E3A9900A3A58D /* OrientationTrackerPhoneTests.swift */; };
		E4F25B4C269E3A9900A3A58D /* OrientationTrackerPhoneUITests.swift in Sources */ = {isa = PBXBuildFile; fileRef = E4F25B4B269E3A9900A3A58D /* OrientationTrackerPhoneUITests.swift */; };
		E4F25B5A269E3AD000A3A58D /* CompassHeading.swift in Sources */ = {isa = PBXBuildFile; fileRef = E4F25B59269E3AD000A3A58D /* CompassHeading.swift */; };
		E4F25BB5269E8F4E00A3A58D /* Login.swift in Sources */ = {isa = PBXBuildFile; fileRef = E4F25BB4269E8F4E00A3A58D /* Login.swift */; };
		E4F25BB7269E903400A3A58D /* Home.swift in Sources */ = {isa = PBXBuildFile; fileRef = E4F25BB6269E903400A3A58D /* Home.swift */; };
		E4F736182791EF5A003D6EB3 /* Calibrate.swift in Sources */ = {isa = PBXBuildFile; fileRef = E4F736172791EF5A003D6EB3 /* Calibrate.swift */; };
/* End PBXBuildFile section */

/* Begin PBXContainerItemProxy section */
		E4F25B3D269E3A9900A3A58D /* PBXContainerItemProxy */ = {
			isa = PBXContainerItemProxy;
			containerPortal = E4F25B1E269E3A9800A3A58D /* Project object */;
			proxyType = 1;
			remoteGlobalIDString = E4F25B25269E3A9800A3A58D;
			remoteInfo = OrientationTrackerPhone;
		};
		E4F25B48269E3A9900A3A58D /* PBXContainerItemProxy */ = {
			isa = PBXContainerItemProxy;
			containerPortal = E4F25B1E269E3A9800A3A58D /* Project object */;
			proxyType = 1;
			remoteGlobalIDString = E4F25B25269E3A9800A3A58D;
			remoteInfo = OrientationTrackerPhone;
		};
/* End PBXContainerItemProxy section */

/* Begin PBXFileReference section */
		E440EDBB26EAFFED00C16F3C /* OrientationTrackerPhone.entitlements */ = {isa = PBXFileReference; lastKnownFileType = text.plist.entitlements; path = OrientationTrackerPhone.entitlements; sourceTree = "<group>"; };
		E47A3028269EAA18003C7800 /* logOrientation.swift */ = {isa = PBXFileReference; lastKnownFileType = sourcecode.swift; path = logOrientation.swift; sourceTree = "<group>"; };
		E47B54062766DA2B002E31B8 /* TestCircle.swift */ = {isa = PBXFileReference; lastKnownFileType = sourcecode.swift; path = TestCircle.swift; sourceTree = "<group>"; };
		E487C82F2710BFEA00177EF2 /* OrientationTracker.app */ = {isa = PBXFileReference; explicitFileType = wrapper.application; includeInIndex = 0; path = OrientationTracker.app; sourceTree = BUILT_PRODUCTS_DIR; };
		E48C262F2763CDB20019ECE2 /* Helper.swift */ = {isa = PBXFileReference; lastKnownFileType = sourcecode.swift; path = Helper.swift; sourceTree = "<group>"; };
		E48C26312763CDD30019ECE2 /* MotherView.swift */ = {isa = PBXFileReference; lastKnownFileType = sourcecode.swift; path = MotherView.swift; sourceTree = "<group>"; };
		E48C26332763CDFF0019ECE2 /* ViewRouter.swift */ = {isa = PBXFileReference; lastKnownFileType = sourcecode.swift; path = ViewRouter.swift; sourceTree = "<group>"; };
		E48C26352763D1E60019ECE2 /* OrientationAppSwiftUI.swift */ = {isa = PBXFileReference; lastKnownFileType = sourcecode.swift; path = OrientationAppSwiftUI.swift; sourceTree = "<group>"; };
		E48C26372763F69A0019ECE2 /* StopWatchManager.swift */ = {isa = PBXFileReference; lastKnownFileType = sourcecode.swift; path = StopWatchManager.swift; sourceTree = "<group>"; };
		E4BA4A1726E10E3100FE0F70 /* OrientationTrackerPhoneRelease.entitlements */ = {isa = PBXFileReference; lastKnownFileType = text.plist.entitlements; path = OrientationTrackerPhoneRelease.entitlements; sourceTree = "<group>"; };
		E4BA4A1926E10E3700FE0F70 /* CloudKit.framework */ = {isa = PBXFileReference; lastKnownFileType = wrapper.framework; name = CloudKit.framework; path = System/Library/Frameworks/CloudKit.framework; sourceTree = SDKROOT; };
		E4F25B26269E3A9800A3A58D /* OrientationTrackerPhone.app */ = {isa = PBXFileReference; explicitFileType = wrapper.application; includeInIndex = 0; path = OrientationTrackerPhone.app; sourceTree = BUILT_PRODUCTS_DIR; };
		E4F25B29269E3A9800A3A58D /* AppDelegate.swift */ = {isa = PBXFileReference; lastKnownFileType = sourcecode.swift; path = AppDelegate.swift; sourceTree = "<group>"; };
		E4F25B2B269E3A9800A3A58D /* SceneDelegate.swift */ = {isa = PBXFileReference; lastKnownFileType = sourcecode.swift; path = SceneDelegate.swift; sourceTree = "<group>"; };
		E4F25B2D269E3A9800A3A58D /* ContentView.swift */ = {isa = PBXFileReference; lastKnownFileType = sourcecode.swift; path = ContentView.swift; sourceTree = "<group>"; };
		E4F25B2F269E3A9900A3A58D /* Assets.xcassets */ = {isa = PBXFileReference; lastKnownFileType = folder.assetcatalog; path = Assets.xcassets; sourceTree = "<group>"; };
		E4F25B32269E3A9900A3A58D /* Preview Assets.xcassets */ = {isa = PBXFileReference; lastKnownFileType = folder.assetcatalog; path = "Preview Assets.xcassets"; sourceTree = "<group>"; };
		E4F25B35269E3A9900A3A58D /* Base */ = {isa = PBXFileReference; lastKnownFileType = file.storyboard; name = Base; path = Base.lproj/LaunchScreen.storyboard; sourceTree = "<group>"; };
		E4F25B37269E3A9900A3A58D /* Info.plist */ = {isa = PBXFileReference; lastKnownFileType = text.plist.xml; path = Info.plist; sourceTree = "<group>"; };
		E4F25B3C269E3A9900A3A58D /* OrientationTrackerPhoneTests.xctest */ = {isa = PBXFileReference; explicitFileType = wrapper.cfbundle; includeInIndex = 0; path = OrientationTrackerPhoneTests.xctest; sourceTree = BUILT_PRODUCTS_DIR; };
		E4F25B40269E3A9900A3A58D /* OrientationTrackerPhoneTests.swift */ = {isa = PBXFileReference; lastKnownFileType = sourcecode.swift; path = OrientationTrackerPhoneTests.swift; sourceTree = "<group>"; };
		E4F25B42269E3A9900A3A58D /* Info.plist */ = {isa = PBXFileReference; lastKnownFileType = text.plist.xml; path = Info.plist; sourceTree = "<group>"; };
		E4F25B47269E3A9900A3A58D /* OrientationTrackerPhoneUITests.xctest */ = {isa = PBXFileReference; explicitFileType = wrapper.cfbundle; includeInIndex = 0; path = OrientationTrackerPhoneUITests.xctest; sourceTree = BUILT_PRODUCTS_DIR; };
		E4F25B4B269E3A9900A3A58D /* OrientationTrackerPhoneUITests.swift */ = {isa = PBXFileReference; lastKnownFileType = sourcecode.swift; path = OrientationTrackerPhoneUITests.swift; sourceTree = "<group>"; };
		E4F25B4D269E3A9900A3A58D /* Info.plist */ = {isa = PBXFileReference; lastKnownFileType = text.plist.xml; path = Info.plist; sourceTree = "<group>"; };
		E4F25B59269E3AD000A3A58D /* CompassHeading.swift */ = {isa = PBXFileReference; lastKnownFileType = sourcecode.swift; path = CompassHeading.swift; sourceTree = "<group>"; };
		E4F25BB4269E8F4E00A3A58D /* Login.swift */ = {isa = PBXFileReference; lastKnownFileType = sourcecode.swift; path = Login.swift; sourceTree = "<group>"; };
		E4F25BB6269E903400A3A58D /* Home.swift */ = {isa = PBXFileReference; lastKnownFileType = sourcecode.swift; path = Home.swift; sourceTree = "<group>"; };
		E4F736172791EF5A003D6EB3 /* Calibrate.swift */ = {isa = PBXFileReference; lastKnownFileType = sourcecode.swift; path = Calibrate.swift; sourceTree = "<group>"; };
/* End PBXFileReference section */

/* Begin PBXFrameworksBuildPhase section */
		E487C82C2710BFEA00177EF2 /* Frameworks */ = {
			isa = PBXFrameworksBuildPhase;
			buildActionMask = 2147483647;
			files = (
			);
			runOnlyForDeploymentPostprocessing = 0;
		};
		E4F25B23269E3A9800A3A58D /* Frameworks */ = {
			isa = PBXFrameworksBuildPhase;
			buildActionMask = 2147483647;
			files = (
				E4BA4A1A26E10E3700FE0F70 /* CloudKit.framework in Frameworks */,
			);
			runOnlyForDeploymentPostprocessing = 0;
		};
		E4F25B39269E3A9900A3A58D /* Frameworks */ = {
			isa = PBXFrameworksBuildPhase;
			buildActionMask = 2147483647;
			files = (
			);
			runOnlyForDeploymentPostprocessing = 0;
		};
		E4F25B44269E3A9900A3A58D /* Frameworks */ = {
			isa = PBXFrameworksBuildPhase;
			buildActionMask = 2147483647;
			files = (
			);
			runOnlyForDeploymentPostprocessing = 0;
		};
/* End PBXFrameworksBuildPhase section */

/* Begin PBXGroup section */
		E4BA4A1826E10E3700FE0F70 /* Frameworks */ = {
			isa = PBXGroup;
			children = (
				E4BA4A1926E10E3700FE0F70 /* CloudKit.framework */,
			);
			name = Frameworks;
			sourceTree = "<group>";
		};
		E4F25B1D269E3A9800A3A58D = {
			isa = PBXGroup;
			children = (
				E4F25B28269E3A9800A3A58D /* OrientationTrackerPhone */,
				E4F25B3F269E3A9900A3A58D /* OrientationTrackerPhoneTests */,
				E4F25B4A269E3A9900A3A58D /* OrientationTrackerPhoneUITests */,
				E4F25B27269E3A9800A3A58D /* Products */,
				E4BA4A1826E10E3700FE0F70 /* Frameworks */,
			);
			sourceTree = "<group>";
		};
		E4F25B27269E3A9800A3A58D /* Products */ = {
			isa = PBXGroup;
			children = (
				E4F25B26269E3A9800A3A58D /* OrientationTrackerPhone.app */,
				E4F25B3C269E3A9900A3A58D /* OrientationTrackerPhoneTests.xctest */,
				E4F25B47269E3A9900A3A58D /* OrientationTrackerPhoneUITests.xctest */,
				E487C82F2710BFEA00177EF2 /* OrientationTracker.app */,
			);
			name = Products;
			sourceTree = "<group>";
		};
		E4F25B28269E3A9800A3A58D /* OrientationTrackerPhone */ = {
			isa = PBXGroup;
			children = (
				E440EDBB26EAFFED00C16F3C /* OrientationTrackerPhone.entitlements */,
				E4BA4A1726E10E3100FE0F70 /* OrientationTrackerPhoneRelease.entitlements */,
				E48C262F2763CDB20019ECE2 /* Helper.swift */,
				E48C26312763CDD30019ECE2 /* MotherView.swift */,
				E4F25B29269E3A9800A3A58D /* AppDelegate.swift */,
				E4F25B2B269E3A9800A3A58D /* SceneDelegate.swift */,
				E48C26352763D1E60019ECE2 /* OrientationAppSwiftUI.swift */,
				E48C26372763F69A0019ECE2 /* StopWatchManager.swift */,
				E47A3028269EAA18003C7800 /* logOrientation.swift */,
				E47B54062766DA2B002E31B8 /* TestCircle.swift */,
				E4F25B2D269E3A9800A3A58D /* ContentView.swift */,
				E4F25BB4269E8F4E00A3A58D /* Login.swift */,
				E4F736172791EF5A003D6EB3 /* Calibrate.swift */,
				E4F25BB6269E903400A3A58D /* Home.swift */,
				E4F25B59269E3AD000A3A58D /* CompassHeading.swift */,
				E48C26332763CDFF0019ECE2 /* ViewRouter.swift */,
				E4F25B2F269E3A9900A3A58D /* Assets.xcassets */,
				E4F25B34269E3A9900A3A58D /* LaunchScreen.storyboard */,
				E4F25B37269E3A9900A3A58D /* Info.plist */,
				E4F25B31269E3A9900A3A58D /* Preview Content */,
			);
			path = OrientationTrackerPhone;
			sourceTree = "<group>";
		};
		E4F25B31269E3A9900A3A58D /* Preview Content */ = {
			isa = PBXGroup;
			children = (
				E4F25B32269E3A9900A3A58D /* Preview Assets.xcassets */,
			);
			path = "Preview Content";
			sourceTree = "<group>";
		};
		E4F25B3F269E3A9900A3A58D /* OrientationTrackerPhoneTests */ = {
			isa = PBXGroup;
			children = (
				E4F25B40269E3A9900A3A58D /* OrientationTrackerPhoneTests.swift */,
				E4F25B42269E3A9900A3A58D /* Info.plist */,
			);
			path = OrientationTrackerPhoneTests;
			sourceTree = "<group>";
		};
		E4F25B4A269E3A9900A3A58D /* OrientationTrackerPhoneUITests */ = {
			isa = PBXGroup;
			children = (
				E4F25B4B269E3A9900A3A58D /* OrientationTrackerPhoneUITests.swift */,
				E4F25B4D269E3A9900A3A58D /* Info.plist */,
			);
			path = OrientationTrackerPhoneUITests;
			sourceTree = "<group>";
		};
/* End PBXGroup section */

/* Begin PBXNativeTarget section */
		E487C82E2710BFEA00177EF2 /* OrientationTracker */ = {
			isa = PBXNativeTarget;
			buildConfigurationList = E487C8412710BFEC00177EF2 /* Build configuration list for PBXNativeTarget "OrientationTracker" */;
			buildPhases = (
				E487C82B2710BFEA00177EF2 /* Sources */,
				E487C82C2710BFEA00177EF2 /* Frameworks */,
				E487C82D2710BFEA00177EF2 /* Resources */,
			);
			buildRules = (
			);
			dependencies = (
			);
			name = OrientationTracker;
			productName = OrientationTracker;
			productReference = E487C82F2710BFEA00177EF2 /* OrientationTracker.app */;
			productType = "com.apple.product-type.application";
		};
		E4F25B25269E3A9800A3A58D /* OrientationTrackerPhone */ = {
			isa = PBXNativeTarget;
			buildConfigurationList = E4F25B50269E3A9900A3A58D /* Build configuration list for PBXNativeTarget "OrientationTrackerPhone" */;
			buildPhases = (
				E4F25B22269E3A9800A3A58D /* Sources */,
				E4F25B23269E3A9800A3A58D /* Frameworks */,
				E4F25B24269E3A9800A3A58D /* Resources */,
			);
			buildRules = (
			);
			dependencies = (
			);
			name = OrientationTrackerPhone;
			productName = OrientationTrackerPhone;
			productReference = E4F25B26269E3A9800A3A58D /* OrientationTrackerPhone.app */;
			productType = "com.apple.product-type.application";
		};
		E4F25B3B269E3A9900A3A58D /* OrientationTrackerPhoneTests */ = {
			isa = PBXNativeTarget;
			buildConfigurationList = E4F25B53269E3A9900A3A58D /* Build configuration list for PBXNativeTarget "OrientationTrackerPhoneTests" */;
			buildPhases = (
				E4F25B38269E3A9900A3A58D /* Sources */,
				E4F25B39269E3A9900A3A58D /* Frameworks */,
				E4F25B3A269E3A9900A3A58D /* Resources */,
			);
			buildRules = (
			);
			dependencies = (
				E4F25B3E269E3A9900A3A58D /* PBXTargetDependency */,
			);
			name = OrientationTrackerPhoneTests;
			productName = OrientationTrackerPhoneTests;
			productReference = E4F25B3C269E3A9900A3A58D /* OrientationTrackerPhoneTests.xctest */;
			productType = "com.apple.product-type.bundle.unit-test";
		};
		E4F25B46269E3A9900A3A58D /* OrientationTrackerPhoneUITests */ = {
			isa = PBXNativeTarget;
			buildConfigurationList = E4F25B56269E3A9900A3A58D /* Build configuration list for PBXNativeTarget "OrientationTrackerPhoneUITests" */;
			buildPhases = (
				E4F25B43269E3A9900A3A58D /* Sources */,
				E4F25B44269E3A9900A3A58D /* Frameworks */,
				E4F25B45269E3A9900A3A58D /* Resources */,
			);
			buildRules = (
			);
			dependencies = (
				E4F25B49269E3A9900A3A58D /* PBXTargetDependency */,
			);
			name = OrientationTrackerPhoneUITests;
			productName = OrientationTrackerPhoneUITests;
			productReference = E4F25B47269E3A9900A3A58D /* OrientationTrackerPhoneUITests.xctest */;
			productType = "com.apple.product-type.bundle.ui-testing";
		};
/* End PBXNativeTarget section */

/* Begin PBXProject section */
		E4F25B1E269E3A9800A3A58D /* Project object */ = {
			isa = PBXProject;
			attributes = {
				LastSwiftUpdateCheck = 1300;
				LastUpgradeCheck = 1250;
				TargetAttributes = {
					E487C82E2710BFEA00177EF2 = {
						CreatedOnToolsVersion = 13.0;
					};
					E4F25B25269E3A9800A3A58D = {
						CreatedOnToolsVersion = 12.5.1;
					};
					E4F25B3B269E3A9900A3A58D = {
						CreatedOnToolsVersion = 12.5.1;
						TestTargetID = E4F25B25269E3A9800A3A58D;
					};
					E4F25B46269E3A9900A3A58D = {
						CreatedOnToolsVersion = 12.5.1;
						TestTargetID = E4F25B25269E3A9800A3A58D;
					};
				};
			};
			buildConfigurationList = E4F25B21269E3A9800A3A58D /* Build configuration list for PBXProject "OrientationTrackerPhone" */;
			compatibilityVersion = "Xcode 9.3";
			developmentRegion = en;
			hasScannedForEncodings = 0;
			knownRegions = (
				en,
				Base,
			);
			mainGroup = E4F25B1D269E3A9800A3A58D;
			productRefGroup = E4F25B27269E3A9800A3A58D /* Products */;
			projectDirPath = "";
			projectRoot = "";
			targets = (
				E4F25B25269E3A9800A3A58D /* OrientationTrackerPhone */,
				E4F25B3B269E3A9900A3A58D /* OrientationTrackerPhoneTests */,
				E4F25B46269E3A9900A3A58D /* OrientationTrackerPhoneUITests */,
				E487C82E2710BFEA00177EF2 /* OrientationTracker */,
			);
		};
/* End PBXProject section */

/* Begin PBXResourcesBuildPhase section */
		E487C82D2710BFEA00177EF2 /* Resources */ = {
			isa = PBXResourcesBuildPhase;
			buildActionMask = 2147483647;
			files = (
			);
			runOnlyForDeploymentPostprocessing = 0;
		};
		E4F25B24269E3A9800A3A58D /* Resources */ = {
			isa = PBXResourcesBuildPhase;
			buildActionMask = 2147483647;
			files = (
				E4F25B36269E3A9900A3A58D /* LaunchScreen.storyboard in Resources */,
				E4F25B33269E3A9900A3A58D /* Preview Assets.xcassets in Resources */,
				E4F25B30269E3A9900A3A58D /* Assets.xcassets in Resources */,
			);
			runOnlyForDeploymentPostprocessing = 0;
		};
		E4F25B3A269E3A9900A3A58D /* Resources */ = {
			isa = PBXResourcesBuildPhase;
			buildActionMask = 2147483647;
			files = (
			);
			runOnlyForDeploymentPostprocessing = 0;
		};
		E4F25B45269E3A9900A3A58D /* Resources */ = {
			isa = PBXResourcesBuildPhase;
			buildActionMask = 2147483647;
			files = (
			);
			runOnlyForDeploymentPostprocessing = 0;
		};
/* End PBXResourcesBuildPhase section */

/* Begin PBXSourcesBuildPhase section */
		E487C82B2710BFEA00177EF2 /* Sources */ = {
			isa = PBXSourcesBuildPhase;
			buildActionMask = 2147483647;
			files = (
			);
			runOnlyForDeploymentPostprocessing = 0;
		};
		E4F25B22269E3A9800A3A58D /* Sources */ = {
			isa = PBXSourcesBuildPhase;
			buildActionMask = 2147483647;
			files = (
				E4F25B2A269E3A9800A3A58D /* AppDelegate.swift in Sources */,
				E48C26382763F69A0019ECE2 /* StopWatchManager.swift in Sources */,
				E47A3029269EAA18003C7800 /* logOrientation.swift in Sources */,
				E4F25BB5269E8F4E00A3A58D /* Login.swift in Sources */,
				E4F25B5A269E3AD000A3A58D /* CompassHeading.swift in Sources */,
				E48C26322763CDD30019ECE2 /* MotherView.swift in Sources */,
				E47B54072766DA2B002E31B8 /* TestCircle.swift in Sources */,
				E4F736182791EF5A003D6EB3 /* Calibrate.swift in Sources */,
				E48C26342763CDFF0019ECE2 /* ViewRouter.swift in Sources */,
				E48C26362763D1E60019ECE2 /* OrientationAppSwiftUI.swift in Sources */,
				E4F25B2C269E3A9800A3A58D /* SceneDelegate.swift in Sources */,
				E4F25BB7269E903400A3A58D /* Home.swift in Sources */,
				E4F25B2E269E3A9800A3A58D /* ContentView.swift in Sources */,
				E48C26302763CDB20019ECE2 /* Helper.swift in Sources */,
			);
			runOnlyForDeploymentPostprocessing = 0;
		};
		E4F25B38269E3A9900A3A58D /* Sources */ = {
			isa = PBXSourcesBuildPhase;
			buildActionMask = 2147483647;
			files = (
				E4F25B41269E3A9900A3A58D /* OrientationTrackerPhoneTests.swift in Sources */,
			);
			runOnlyForDeploymentPostprocessing = 0;
		};
		E4F25B43269E3A9900A3A58D /* Sources */ = {
			isa = PBXSourcesBuildPhase;
			buildActionMask = 2147483647;
			files = (
				E4F25B4C269E3A9900A3A58D /* OrientationTrackerPhoneUITests.swift in Sources */,
			);
			runOnlyForDeploymentPostprocessing = 0;
		};
/* End PBXSourcesBuildPhase section */

/* Begin PBXTargetDependency section */
		E4F25B3E269E3A9900A3A58D /* PBXTargetDependency */ = {
			isa = PBXTargetDependency;
			target = E4F25B25269E3A9800A3A58D /* OrientationTrackerPhone */;
			targetProxy = E4F25B3D269E3A9900A3A58D /* PBXContainerItemProxy */;
		};
		E4F25B49269E3A9900A3A58D /* PBXTargetDependency */ = {
			isa = PBXTargetDependency;
			target = E4F25B25269E3A9800A3A58D /* OrientationTrackerPhone */;
			targetProxy = E4F25B48269E3A9900A3A58D /* PBXContainerItemProxy */;
		};
/* End PBXTargetDependency section */

/* Begin PBXVariantGroup section */
		E4F25B34269E3A9900A3A58D /* LaunchScreen.storyboard */ = {
			isa = PBXVariantGroup;
			children = (
				E4F25B35269E3A9900A3A58D /* Base */,
			);
			name = LaunchScreen.storyboard;
			sourceTree = "<group>";
		};
/* End PBXVariantGroup section */

/* Begin XCBuildConfiguration section */
		E487C83F2710BFEC00177EF2 /* Debug */ = {
			isa = XCBuildConfiguration;
			buildSettings = {
				ASSETCATALOG_COMPILER_APPICON_NAME = AppIcon;
				ASSETCATALOG_COMPILER_GLOBAL_ACCENT_COLOR_NAME = AccentColor;
				CLANG_CXX_LANGUAGE_STANDARD = "gnu++17";
				CODE_SIGN_ENTITLEMENTS = OrientationTracker/OrientationTracker.entitlements;
				CODE_SIGN_STYLE = Automatic;
				CURRENT_PROJECT_VERSION = 1;
				DEVELOPMENT_ASSET_PATHS = "\"OrientationTracker/Preview Content\"";
				DEVELOPMENT_TEAM = M6NJCNVBY5;
				ENABLE_PREVIEWS = YES;
				GENERATE_INFOPLIST_FILE = YES;
				INFOPLIST_KEY_UIApplicationSceneManifest_Generation = YES;
				INFOPLIST_KEY_UIApplicationSupportsIndirectInputEvents = YES;
				INFOPLIST_KEY_UILaunchScreen_Generation = YES;
				INFOPLIST_KEY_UISupportedInterfaceOrientations_iPad = "UIInterfaceOrientationPortrait UIInterfaceOrientationPortraitUpsideDown UIInterfaceOrientationLandscapeLeft UIInterfaceOrientationLandscapeRight";
				INFOPLIST_KEY_UISupportedInterfaceOrientations_iPhone = "UIInterfaceOrientationPortrait UIInterfaceOrientationLandscapeLeft UIInterfaceOrientationLandscapeRight";
				IPHONEOS_DEPLOYMENT_TARGET = 13.0;
				LD_RUNPATH_SEARCH_PATHS = (
					"$(inherited)",
					"@executable_path/Frameworks",
				);
				MARKETING_VERSION = 1.0;
				PRODUCT_BUNDLE_IDENTIFIER = com.Fiona.OrientationTracker;
				PRODUCT_NAME = "$(TARGET_NAME)";
				SWIFT_EMIT_LOC_STRINGS = YES;
				SWIFT_VERSION = 5.0;
				TARGETED_DEVICE_FAMILY = 1;
			};
			name = Debug;
		};
		E487C8402710BFEC00177EF2 /* Release */ = {
			isa = XCBuildConfiguration;
			buildSettings = {
				ASSETCATALOG_COMPILER_APPICON_NAME = AppIcon;
				ASSETCATALOG_COMPILER_GLOBAL_ACCENT_COLOR_NAME = AccentColor;
				CLANG_CXX_LANGUAGE_STANDARD = "gnu++17";
				CODE_SIGN_ENTITLEMENTS = OrientationTracker/OrientationTrackerRelease.entitlements;
				CODE_SIGN_STYLE = Automatic;
				CURRENT_PROJECT_VERSION = 1;
				DEVELOPMENT_ASSET_PATHS = "\"OrientationTracker/Preview Content\"";
				DEVELOPMENT_TEAM = M6NJCNVBY5;
				ENABLE_PREVIEWS = YES;
				GENERATE_INFOPLIST_FILE = YES;
				INFOPLIST_KEY_UIApplicationSceneManifest_Generation = YES;
				INFOPLIST_KEY_UIApplicationSupportsIndirectInputEvents = YES;
				INFOPLIST_KEY_UILaunchScreen_Generation = YES;
				INFOPLIST_KEY_UISupportedInterfaceOrientations_iPad = "UIInterfaceOrientationPortrait UIInterfaceOrientationPortraitUpsideDown UIInterfaceOrientationLandscapeLeft UIInterfaceOrientationLandscapeRight";
				INFOPLIST_KEY_UISupportedInterfaceOrientations_iPhone = "UIInterfaceOrientationPortrait UIInterfaceOrientationLandscapeLeft UIInterfaceOrientationLandscapeRight";
				IPHONEOS_DEPLOYMENT_TARGET = 13.0;
				LD_RUNPATH_SEARCH_PATHS = (
					"$(inherited)",
					"@executable_path/Frameworks",
				);
				MARKETING_VERSION = 1.0;
				PRODUCT_BUNDLE_IDENTIFIER = com.Fiona.OrientationTracker;
				PRODUCT_NAME = "$(TARGET_NAME)";
				SWIFT_EMIT_LOC_STRINGS = YES;
				SWIFT_VERSION = 5.0;
				TARGETED_DEVICE_FAMILY = 1;
			};
			name = Release;
		};
		E4F25B4E269E3A9900A3A58D /* Debug */ = {
			isa = XCBuildConfiguration;
			buildSettings = {
				ALWAYS_SEARCH_USER_PATHS = NO;
				CLANG_ANALYZER_NONNULL = YES;
				CLANG_ANALYZER_NUMBER_OBJECT_CONVERSION = YES_AGGRESSIVE;
				CLANG_CXX_LANGUAGE_STANDARD = "gnu++14";
				CLANG_CXX_LIBRARY = "libc++";
				CLANG_ENABLE_MODULES = YES;
				CLANG_ENABLE_OBJC_ARC = YES;
				CLANG_ENABLE_OBJC_WEAK = YES;
				CLANG_WARN_BLOCK_CAPTURE_AUTORELEASING = YES;
				CLANG_WARN_BOOL_CONVERSION = YES;
				CLANG_WARN_COMMA = YES;
				CLANG_WARN_CONSTANT_CONVERSION = YES;
				CLANG_WARN_DEPRECATED_OBJC_IMPLEMENTATIONS = YES;
				CLANG_WARN_DIRECT_OBJC_ISA_USAGE = YES_ERROR;
				CLANG_WARN_DOCUMENTATION_COMMENTS = YES;
				CLANG_WARN_EMPTY_BODY = YES;
				CLANG_WARN_ENUM_CONVERSION = YES;
				CLANG_WARN_INFINITE_RECURSION = YES;
				CLANG_WARN_INT_CONVERSION = YES;
				CLANG_WARN_NON_LITERAL_NULL_CONVERSION = YES;
				CLANG_WARN_OBJC_IMPLICIT_RETAIN_SELF = YES;
				CLANG_WARN_OBJC_LITERAL_CONVERSION = YES;
				CLANG_WARN_OBJC_ROOT_CLASS = YES_ERROR;
				CLANG_WARN_QUOTED_INCLUDE_IN_FRAMEWORK_HEADER = YES;
				CLANG_WARN_RANGE_LOOP_ANALYSIS = YES;
				CLANG_WARN_STRICT_PROTOTYPES = YES;
				CLANG_WARN_SUSPICIOUS_MOVE = YES;
				CLANG_WARN_UNGUARDED_AVAILABILITY = YES_AGGRESSIVE;
				CLANG_WARN_UNREACHABLE_CODE = YES;
				CLANG_WARN__DUPLICATE_METHOD_MATCH = YES;
				COPY_PHASE_STRIP = NO;
				DEBUG_INFORMATION_FORMAT = dwarf;
				ENABLE_STRICT_OBJC_MSGSEND = YES;
				ENABLE_TESTABILITY = YES;
				GCC_C_LANGUAGE_STANDARD = gnu11;
				GCC_DYNAMIC_NO_PIC = NO;
				GCC_NO_COMMON_BLOCKS = YES;
				GCC_OPTIMIZATION_LEVEL = 0;
				GCC_PREPROCESSOR_DEFINITIONS = (
					"DEBUG=1",
					"$(inherited)",
				);
				GCC_WARN_64_TO_32_BIT_CONVERSION = YES;
				GCC_WARN_ABOUT_RETURN_TYPE = YES_ERROR;
				GCC_WARN_UNDECLARED_SELECTOR = YES;
				GCC_WARN_UNINITIALIZED_AUTOS = YES_AGGRESSIVE;
				GCC_WARN_UNUSED_FUNCTION = YES;
				GCC_WARN_UNUSED_VARIABLE = YES;
				IPHONEOS_DEPLOYMENT_TARGET = 13.0;
				MTL_ENABLE_DEBUG_INFO = INCLUDE_SOURCE;
				MTL_FAST_MATH = YES;
				ONLY_ACTIVE_ARCH = YES;
				SDKROOT = iphoneos;
				SWIFT_ACTIVE_COMPILATION_CONDITIONS = DEBUG;
				SWIFT_OPTIMIZATION_LEVEL = "-Onone";
			};
			name = Debug;
		};
		E4F25B4F269E3A9900A3A58D /* Release */ = {
			isa = XCBuildConfiguration;
			buildSettings = {
				ALWAYS_SEARCH_USER_PATHS = NO;
				CLANG_ANALYZER_NONNULL = YES;
				CLANG_ANALYZER_NUMBER_OBJECT_CONVERSION = YES_AGGRESSIVE;
				CLANG_CXX_LANGUAGE_STANDARD = "gnu++14";
				CLANG_CXX_LIBRARY = "libc++";
				CLANG_ENABLE_MODULES = YES;
				CLANG_ENABLE_OBJC_ARC = YES;
				CLANG_ENABLE_OBJC_WEAK = YES;
				CLANG_WARN_BLOCK_CAPTURE_AUTORELEASING = YES;
				CLANG_WARN_BOOL_CONVERSION = YES;
				CLANG_WARN_COMMA = YES;
				CLANG_WARN_CONSTANT_CONVERSION = YES;
				CLANG_WARN_DEPRECATED_OBJC_IMPLEMENTATIONS = YES;
				CLANG_WARN_DIRECT_OBJC_ISA_USAGE = YES_ERROR;
				CLANG_WARN_DOCUMENTATION_COMMENTS = YES;
				CLANG_WARN_EMPTY_BODY = YES;
				CLANG_WARN_ENUM_CONVERSION = YES;
				CLANG_WARN_INFINITE_RECURSION = YES;
				CLANG_WARN_INT_CONVERSION = YES;
				CLANG_WARN_NON_LITERAL_NULL_CONVERSION = YES;
				CLANG_WARN_OBJC_IMPLICIT_RETAIN_SELF = YES;
				CLANG_WARN_OBJC_LITERAL_CONVERSION = YES;
				CLANG_WARN_OBJC_ROOT_CLASS = YES_ERROR;
				CLANG_WARN_QUOTED_INCLUDE_IN_FRAMEWORK_HEADER = YES;
				CLANG_WARN_RANGE_LOOP_ANALYSIS = YES;
				CLANG_WARN_STRICT_PROTOTYPES = YES;
				CLANG_WARN_SUSPICIOUS_MOVE = YES;
				CLANG_WARN_UNGUARDED_AVAILABILITY = YES_AGGRESSIVE;
				CLANG_WARN_UNREACHABLE_CODE = YES;
				CLANG_WARN__DUPLICATE_METHOD_MATCH = YES;
				COPY_PHASE_STRIP = NO;
				DEBUG_INFORMATION_FORMAT = "dwarf-with-dsym";
				ENABLE_NS_ASSERTIONS = NO;
				ENABLE_STRICT_OBJC_MSGSEND = YES;
				GCC_C_LANGUAGE_STANDARD = gnu11;
				GCC_NO_COMMON_BLOCKS = YES;
				GCC_WARN_64_TO_32_BIT_CONVERSION = YES;
				GCC_WARN_ABOUT_RETURN_TYPE = YES_ERROR;
				GCC_WARN_UNDECLARED_SELECTOR = YES;
				GCC_WARN_UNINITIALIZED_AUTOS = YES_AGGRESSIVE;
				GCC_WARN_UNUSED_FUNCTION = YES;
				GCC_WARN_UNUSED_VARIABLE = YES;
				IPHONEOS_DEPLOYMENT_TARGET = 13.0;
				MTL_ENABLE_DEBUG_INFO = NO;
				MTL_FAST_MATH = YES;
				SDKROOT = iphoneos;
				SWIFT_COMPILATION_MODE = wholemodule;
				SWIFT_OPTIMIZATION_LEVEL = "-O";
				VALIDATE_PRODUCT = YES;
			};
			name = Release;
		};
		E4F25B51269E3A9900A3A58D /* Debug */ = {
			isa = XCBuildConfiguration;
			buildSettings = {
				ASSETCATALOG_COMPILER_APPICON_NAME = AppIcon;
				ASSETCATALOG_COMPILER_GLOBAL_ACCENT_COLOR_NAME = AccentColor;
				CODE_SIGN_ENTITLEMENTS = OrientationTrackerPhone/OrientationTrackerPhone.entitlements;
				CODE_SIGN_STYLE = Automatic;
				DEVELOPMENT_ASSET_PATHS = "\"OrientationTrackerPhone/Preview Content\"";
				DEVELOPMENT_TEAM = M6NJCNVBY5;
				ENABLE_PREVIEWS = YES;
				INFOPLIST_FILE = OrientationTrackerPhone/Info.plist;
				IPHONEOS_DEPLOYMENT_TARGET = 14.5;
				LD_RUNPATH_SEARCH_PATHS = (
					"$(inherited)",
					"@executable_path/Frameworks",
				);
				PRODUCT_BUNDLE_IDENTIFIER = com.Fiona.OrientationTrackerPhone;
				PRODUCT_NAME = "$(TARGET_NAME)";
				SWIFT_VERSION = 5.0;
				TARGETED_DEVICE_FAMILY = 1;
			};
			name = Debug;
		};
		E4F25B52269E3A9900A3A58D /* Release */ = {
			isa = XCBuildConfiguration;
			buildSettings = {
				ASSETCATALOG_COMPILER_APPICON_NAME = AppIcon;
				ASSETCATALOG_COMPILER_GLOBAL_ACCENT_COLOR_NAME = AccentColor;
				CODE_SIGN_ENTITLEMENTS = OrientationTrackerPhone/OrientationTrackerPhoneRelease.entitlements;
				CODE_SIGN_STYLE = Automatic;
				DEVELOPMENT_ASSET_PATHS = "\"OrientationTrackerPhone/Preview Content\"";
				DEVELOPMENT_TEAM = M6NJCNVBY5;
				ENABLE_PREVIEWS = YES;
				INFOPLIST_FILE = OrientationTrackerPhone/Info.plist;
				IPHONEOS_DEPLOYMENT_TARGET = 14.5;
				LD_RUNPATH_SEARCH_PATHS = (
					"$(inherited)",
					"@executable_path/Frameworks",
				);
				PRODUCT_BUNDLE_IDENTIFIER = com.Fiona.OrientationTrackerPhone;
				PRODUCT_NAME = "$(TARGET_NAME)";
				SWIFT_VERSION = 5.0;
				TARGETED_DEVICE_FAMILY = 1;
			};
			name = Release;
		};
		E4F25B54269E3A9900A3A58D /* Debug */ = {
			isa = XCBuildConfiguration;
			buildSettings = {
				ALWAYS_EMBED_SWIFT_STANDARD_LIBRARIES = YES;
				BUNDLE_LOADER = "$(TEST_HOST)";
				CODE_SIGN_STYLE = Automatic;
				INFOPLIST_FILE = OrientationTrackerPhoneTests/Info.plist;
				IPHONEOS_DEPLOYMENT_TARGET = 14.5;
				LD_RUNPATH_SEARCH_PATHS = (
					"$(inherited)",
					"@executable_path/Frameworks",
					"@loader_path/Frameworks",
				);
				PRODUCT_BUNDLE_IDENTIFIER = com.Fiona.OrientationTrackerPhoneTests;
				PRODUCT_NAME = "$(TARGET_NAME)";
				SWIFT_VERSION = 5.0;
				TARGETED_DEVICE_FAMILY = "1,2";
				TEST_HOST = "$(BUILT_PRODUCTS_DIR)/OrientationTrackerPhone.app/OrientationTrackerPhone";
			};
			name = Debug;
		};
		E4F25B55269E3A9900A3A58D /* Release */ = {
			isa = XCBuildConfiguration;
			buildSettings = {
				ALWAYS_EMBED_SWIFT_STANDARD_LIBRARIES = YES;
				BUNDLE_LOADER = "$(TEST_HOST)";
				CODE_SIGN_STYLE = Automatic;
				INFOPLIST_FILE = OrientationTrackerPhoneTests/Info.plist;
				IPHONEOS_DEPLOYMENT_TARGET = 14.5;
				LD_RUNPATH_SEARCH_PATHS = (
					"$(inherited)",
					"@executable_path/Frameworks",
					"@loader_path/Frameworks",
				);
				PRODUCT_BUNDLE_IDENTIFIER = com.Fiona.OrientationTrackerPhoneTests;
				PRODUCT_NAME = "$(TARGET_NAME)";
				SWIFT_VERSION = 5.0;
				TARGETED_DEVICE_FAMILY = "1,2";
				TEST_HOST = "$(BUILT_PRODUCTS_DIR)/OrientationTrackerPhone.app/OrientationTrackerPhone";
			};
			name = Release;
		};
		E4F25B57269E3A9900A3A58D /* Debug */ = {
			isa = XCBuildConfiguration;
			buildSettings = {
				ALWAYS_EMBED_SWIFT_STANDARD_LIBRARIES = YES;
				CODE_SIGN_STYLE = Automatic;
				INFOPLIST_FILE = OrientationTrackerPhoneUITests/Info.plist;
				LD_RUNPATH_SEARCH_PATHS = (
					"$(inherited)",
					"@executable_path/Frameworks",
					"@loader_path/Frameworks",
				);
				PRODUCT_BUNDLE_IDENTIFIER = com.Fiona.OrientationTrackerPhoneUITests;
				PRODUCT_NAME = "$(TARGET_NAME)";
				SWIFT_VERSION = 5.0;
				TARGETED_DEVICE_FAMILY = "1,2";
				TEST_TARGET_NAME = OrientationTrackerPhone;
			};
			name = Debug;
		};
		E4F25B58269E3A9900A3A58D /* Release */ = {
			isa = XCBuildConfiguration;
			buildSettings = {
				ALWAYS_EMBED_SWIFT_STANDARD_LIBRARIES = YES;
				CODE_SIGN_STYLE = Automatic;
				INFOPLIST_FILE = OrientationTrackerPhoneUITests/Info.plist;
				LD_RUNPATH_SEARCH_PATHS = (
					"$(inherited)",
					"@executable_path/Frameworks",
					"@loader_path/Frameworks",
				);
				PRODUCT_BUNDLE_IDENTIFIER = com.Fiona.OrientationTrackerPhoneUITests;
				PRODUCT_NAME = "$(TARGET_NAME)";
				SWIFT_VERSION = 5.0;
				TARGETED_DEVICE_FAMILY = "1,2";
				TEST_TARGET_NAME = OrientationTrackerPhone;
			};
			name = Release;
		};
/* End XCBuildConfiguration section */

/* Begin XCConfigurationList section */
		E487C8412710BFEC00177EF2 /* Build configuration list for PBXNativeTarget "OrientationTracker" */ = {
			isa = XCConfigurationList;
			buildConfigurations = (
				E487C83F2710BFEC00177EF2 /* Debug */,
				E487C8402710BFEC00177EF2 /* Release */,
			);
			defaultConfigurationIsVisible = 0;
			defaultConfigurationName = Release;
		};
		E4F25B21269E3A9800A3A58D /* Build configuration list for PBXProject "OrientationTrackerPhone" */ = {
			isa = XCConfigurationList;
			buildConfigurations = (
				E4F25B4E269E3A9900A3A58D /* Debug */,
				E4F25B4F269E3A9900A3A58D /* Release */,
			);
			defaultConfigurationIsVisible = 0;
			defaultConfigurationName = Release;
		};
		E4F25B50269E3A9900A3A58D /* Build configuration list for PBXNativeTarget "OrientationTrackerPhone" */ = {
			isa = XCConfigurationList;
			buildConfigurations = (
				E4F25B51269E3A9900A3A58D /* Debug */,
				E4F25B52269E3A9900A3A58D /* Release */,
			);
			defaultConfigurationIsVisible = 0;
			defaultConfigurationName = Release;
		};
		E4F25B53269E3A9900A3A58D /* Build configuration list for PBXNativeTarget "OrientationTrackerPhoneTests" */ = {
			isa = XCConfigurationList;
			buildConfigurations = (
				E4F25B54269E3A9900A3A58D /* Debug */,
				E4F25B55269E3A9900A3A58D /* Release */,
			);
			defaultConfigurationIsVisible = 0;
			defaultConfigurationName = Release;
		};
		E4F25B56269E3A9900A3A58D /* Build configuration list for PBXNativeTarget "OrientationTrackerPhoneUITests" */ = {
			isa = XCConfigurationList;
			buildConfigurations = (
				E4F25B57269E3A9900A3A58D /* Debug */,
				E4F25B58269E3A9900A3A58D /* Release */,
			);
			defaultConfigurationIsVisible = 0;
			defaultConfigurationName = Release;
		};
/* End XCConfigurationList section */
	};
	rootObject = E4F25B1E269E3A9800A3A58D /* Project object */;
}
